<?xml version="1.0" encoding="utf-8"?>
<Project ToolsVersion="4.0" xmlns="http://schemas.microsoft.com/developer/msbuild/2003">
  <ItemGroup>
    <Filter Include="Source Files">
      <UniqueIdentifier>{4FC737F1-C7A5-4376-A066-2A32D752A2FF}</UniqueIdentifier>
      <Extensions>cpp;c;cc;cxx;def;odl;idl;hpj;bat;asm;asmx</Extensions>
    </Filter>
    <Filter Include="Header Files">
      <UniqueIdentifier>{93995380-89BD-4b04-88EB-625FBE52EBFB}</UniqueIdentifier>
      <Extensions>h;hh;hpp;hxx;hm;inl;inc;xsd</Extensions>
    </Filter>
    <Filter Include="Resource Files">
      <UniqueIdentifier>{67DA6AB6-F800-4c08-8B7A-83BB121AAD01}</UniqueIdentifier>
      <Extensions>rc;ico;cur;bmp;dlg;rc2;rct;bin;rgs;gif;jpg;jpeg;jpe;resx;tiff;tif;png;wav;mfcribbon-ms</Extensions>
    </Filter>
  </ItemGroup>
  <ItemGroup>
    <ClCompile Include="Source\nn\ActorCriticAgent.cpp">
      <Filter>Source Files</Filter>
    </ClCompile>
    <ClCompile Include="Source\nn\BrownianPerturbation.cpp">
      <Filter>Source Files</Filter>
    </ClCompile>
    <ClCompile Include="Source\nn\Cacla.cpp">
      <Filter>Source Files</Filter>
    </ClCompile>
    <ClCompile Include="Source\nn\FeedForwardNeuralNetwork.cpp">
      <Filter>Source Files</Filter>
    </ClCompile>
    <ClCompile Include="Source\nn\GeneticAlgorithm.cpp">
      <Filter>Source Files</Filter>
    </ClCompile>
    <ClCompile Include="Source\nn\Neuron.cpp">
      <Filter>Source Files</Filter>
    </ClCompile>
    <ClCompile Include="Source\nn\QAgent.cpp">
      <Filter>Source Files</Filter>
    </ClCompile>
    <ClCompile Include="Source\Main.cpp">
      <Filter>Source Files</Filter>
    </ClCompile>
    <ClCompile Include="Source\nn\MemoryCell.cpp">
      <Filter>Source Files</Filter>
    </ClCompile>
    <ClCompile Include="Source\nn\RLLSTMAgent.cpp">
      <Filter>Source Files</Filter>
    </ClCompile>
    <ClCompile Include="Source\nn\MemoryActor.cpp">
      <Filter>Source Files</Filter>
    </ClCompile>
    <ClCompile Include="Source\nn\SOM.cpp">
      <Filter>Source Files</Filter>
    </ClCompile>
    <ClCompile Include="Source\nn\SOMQAgent.cpp">
      <Filter>Source Files</Filter>
    </ClCompile>
    <ClCompile Include="Source\nn\TabularQ.cpp">
      <Filter>Source Files</Filter>
    </ClCompile>
    <ClCompile Include="Source\nn\PSOAgent.cpp">
      <Filter>Source Files</Filter>
    </ClCompile>
    <ClCompile Include="Source\nn\NCPSOAgent.cpp">
      <Filter>Source Files</Filter>
    </ClCompile>
    <ClCompile Include="Source\lstmrl\LSTMRL.cpp">
      <Filter>Source Files</Filter>
    </ClCompile>
    <ClCompile Include="Source\nn\MultiQ.cpp">
      <Filter>Source Files</Filter>
    </ClCompile>
    <ClCompile Include="Source\lstm\LSTMNet.cpp">
      <Filter>Source Files</Filter>
    </ClCompile>
    <ClCompile Include="Source\lstm\LSTMActorCritic.cpp">
      <Filter>Source Files</Filter>
    </ClCompile>
    <ClCompile Include="Source\lstm\LSTMG.cpp">
      <Filter>Source Files</Filter>
    </ClCompile>
    <ClCompile Include="Source\hypernet\Boid.cpp">
      <Filter>Source Files</Filter>
    </ClCompile>
    <ClCompile Include="Source\hypernet\Link.cpp">
      <Filter>Source Files</Filter>
    </ClCompile>
    <ClCompile Include="Source\hypernet\Config.cpp">
      <Filter>Source Files</Filter>
    </ClCompile>
    <ClCompile Include="Source\hypernet\FunctionApproximator.cpp">
      <Filter>Source Files</Filter>
    </ClCompile>
    <ClCompile Include="Source\hypernet\Encoder.cpp">
      <Filter>Source Files</Filter>
    </ClCompile>
    <ClCompile Include="Source\hypernet\Decoder.cpp">
      <Filter>Source Files</Filter>
    </ClCompile>
    <ClCompile Include="Source\hypernet\HyperNet.cpp">
      <Filter>Source Files</Filter>
    </ClCompile>
    <ClCompile Include="Source\hypernet\Orchestrator.cpp">
      <Filter>Source Files</Filter>
    </ClCompile>
    <ClCompile Include="Source\hypernet\EvolutionaryAlgorithm.cpp">
      <Filter>Source Files</Filter>
    </ClCompile>
    <ClCompile Include="Source\hypernet\Experiment.cpp">
      <Filter>Source Files</Filter>
    </ClCompile>
    <ClCompile Include="Source\experiments\ExperimentPoleBalancing.cpp">
      <Filter>Source Files</Filter>
    </ClCompile>
    <ClCompile Include="Source\experiments\ExperimentXOR.cpp">
      <Filter>Source Files</Filter>
    </ClCompile>
    <ClCompile Include="Source\experiments\ExperimentOR.cpp">
      <Filter>Source Files</Filter>
    </ClCompile>
    <ClCompile Include="Source\experiments\ExperimentAND.cpp">
      <Filter>Source Files</Filter>
    </ClCompile>
    <ClCompile Include="Source\hypernet\SampleField.cpp">
      <Filter>Source Files</Filter>
    </ClCompile>
    <ClCompile Include="Source\hypernet\BayesianOptimizer.cpp">
      <Filter>Source Files</Filter>
    </ClCompile>
    <ClCompile Include="Source\hypernet\EvolutionaryTrainer.cpp">
      <Filter>Source Files</Filter>
    </ClCompile>
    <ClCompile Include="Source\hypernet\BayesianOptimizerTrainer.cpp">
      <Filter>Source Files</Filter>
    </ClCompile>
    <ClCompile Include="Source\raahn\AutoEncoder.cpp">
      <Filter>Source Files</Filter>
    </ClCompile>
    <ClCompile Include="Source\raahn\RAAHN.cpp">
      <Filter>Source Files</Filter>
    </ClCompile>
    <ClCompile Include="Source\raahn\HebbianLearner.cpp">
      <Filter>Source Files</Filter>
    </ClCompile>
    <ClCompile Include="Source\dnf\Field.cpp">
      <Filter>Source Files</Filter>
    </ClCompile>
    <ClCompile Include="Source\ctrnn\CTRNN.cpp">
      <Filter>Source Files</Filter>
    </ClCompile>
    <ClCompile Include="Source\ctrnn\GeneticAlgorithm.cpp">
      <Filter>Source Files</Filter>
    </ClCompile>
    <ClCompile Include="Source\deep\AutoLSTM.cpp">
      <Filter>Source Files</Filter>
    </ClCompile>
    <ClCompile Include="Source\deep\DAutoEncoder.cpp">
      <Filter>Source Files</Filter>
    </ClCompile>
    <ClCompile Include="Source\falcon\Falcon.cpp">
      <Filter>Source Files</Filter>
    </ClCompile>
    <ClCompile Include="Source\elman\ElmanNetwork.cpp">
      <Filter>Source Files</Filter>
    </ClCompile>
    <ClCompile Include="Source\deep\RBM.cpp">
      <Filter>Source Files</Filter>
    </ClCompile>
    <ClCompile Include="Source\deep\FA.cpp">
      <Filter>Source Files</Filter>
    </ClCompile>
    <ClCompile Include="Source\deep\DSOM.cpp">
      <Filter>Source Files</Filter>
    </ClCompile>
    <ClCompile Include="Source\apssc\APSSC.cpp">
      <Filter>Source Files</Filter>
    </ClCompile>
    <ClCompile Include="Source\deep\DBN.cpp">
      <Filter>Source Files</Filter>
    </ClCompile>
    <ClCompile Include="Source\deep\ConvNet2D.cpp">
      <Filter>Source Files</Filter>
    </ClCompile>
    <ClCompile Include="Source\htm\Region.cpp">
      <Filter>Source Files</Filter>
    </ClCompile>
    <ClCompile Include="Source\htm\Column.cpp">
      <Filter>Source Files</Filter>
    </ClCompile>
    <ClCompile Include="Source\htm\Cell.cpp">
      <Filter>Source Files</Filter>
    </ClCompile>
    <ClCompile Include="Source\htm\Connection.cpp">
      <Filter>Source Files</Filter>
    </ClCompile>
    <ClCompile Include="Source\htm\Segment.cpp">
      <Filter>Source Files</Filter>
    </ClCompile>
    <ClCompile Include="Source\htmrl\HTMRL.cpp">
      <Filter>Source Files</Filter>
    </ClCompile>
    <ClCompile Include="Source\deep\FERL.cpp">
      <Filter>Source Files</Filter>
    </ClCompile>
    <ClCompile Include="Source\Maze.cpp">
      <Filter>Source Files</Filter>
    </ClCompile>
    <ClCompile Include="Source\deep\EQNAC.cpp">
      <Filter>Source Files</Filter>
    </ClCompile>
  </ItemGroup>
  <ItemGroup>
    <ClInclude Include="Source\nn\ActorCriticAgent.h">
      <Filter>Header Files</Filter>
    </ClInclude>
    <ClInclude Include="Source\nn\BrownianPerturbation.h">
      <Filter>Header Files</Filter>
    </ClInclude>
    <ClInclude Include="Source\nn\Cacla.h">
      <Filter>Header Files</Filter>
    </ClInclude>
    <ClInclude Include="Source\nn\FeedForwardNeuralNetwork.h">
      <Filter>Header Files</Filter>
    </ClInclude>
    <ClInclude Include="Source\nn\GeneticAlgorithm.h">
      <Filter>Header Files</Filter>
    </ClInclude>
    <ClInclude Include="Source\nn\Neuron.h">
      <Filter>Header Files</Filter>
    </ClInclude>
    <ClInclude Include="Source\nn\QAgent.h">
      <Filter>Header Files</Filter>
    </ClInclude>
    <ClInclude Include="Source\nn\Sensor.h">
      <Filter>Header Files</Filter>
    </ClInclude>
    <ClInclude Include="Source\nn\MemoryCell.h">
      <Filter>Header Files</Filter>
    </ClInclude>
    <ClInclude Include="Source\nn\RLLSTMAgent.h">
      <Filter>Header Files</Filter>
    </ClInclude>
    <ClInclude Include="Source\nn\MemoryActor.h">
      <Filter>Header Files</Filter>
    </ClInclude>
    <ClInclude Include="Source\nn\SOM.h">
      <Filter>Header Files</Filter>
    </ClInclude>
    <ClInclude Include="Source\nn\SOMQAgent.h">
      <Filter>Header Files</Filter>
    </ClInclude>
    <ClInclude Include="Source\nn\TabularQ.h">
      <Filter>Header Files</Filter>
    </ClInclude>
    <ClInclude Include="Source\nn\PSOAgent.h">
      <Filter>Header Files</Filter>
    </ClInclude>
    <ClInclude Include="Source\nn\NCPSOAgent.h">
      <Filter>Header Files</Filter>
    </ClInclude>
    <ClInclude Include="Source\lstmrl\LSTMRL.h">
      <Filter>Header Files</Filter>
    </ClInclude>
    <ClInclude Include="Source\nn\MultiQ.h">
      <Filter>Header Files</Filter>
    </ClInclude>
    <ClInclude Include="Source\lstm\LSTMNet.h">
      <Filter>Header Files</Filter>
    </ClInclude>
    <ClInclude Include="Source\lstm\LSTMActorCritic.h">
      <Filter>Header Files</Filter>
    </ClInclude>
    <ClInclude Include="Source\lstm\LSTMG.h">
      <Filter>Header Files</Filter>
    </ClInclude>
    <ClInclude Include="Source\lstm\TupleHash.h">
      <Filter>Header Files</Filter>
    </ClInclude>
    <ClInclude Include="Source\hypernet\Boid.h">
      <Filter>Header Files</Filter>
    </ClInclude>
    <ClInclude Include="Source\hypernet\Link.h">
      <Filter>Header Files</Filter>
    </ClInclude>
    <ClInclude Include="Source\hypernet\Config.h">
      <Filter>Header Files</Filter>
    </ClInclude>
    <ClInclude Include="Source\hypernet\FunctionApproximator.h">
      <Filter>Header Files</Filter>
    </ClInclude>
    <ClInclude Include="Source\hypernet\Encoder.h">
      <Filter>Header Files</Filter>
    </ClInclude>
    <ClInclude Include="Source\hypernet\Decoder.h">
      <Filter>Header Files</Filter>
    </ClInclude>
    <ClInclude Include="Source\hypernet\HyperNet.h">
      <Filter>Header Files</Filter>
    </ClInclude>
    <ClInclude Include="Source\hypernet\Orchestrator.h">
      <Filter>Header Files</Filter>
    </ClInclude>
    <ClInclude Include="Source\hypernet\EvolutionaryAlgorithm.h">
      <Filter>Header Files</Filter>
    </ClInclude>
    <ClInclude Include="Source\hypernet\Experiment.h">
      <Filter>Header Files</Filter>
    </ClInclude>
    <ClInclude Include="Source\experiments\ExperimentPoleBalancing.h">
      <Filter>Header Files</Filter>
    </ClInclude>
    <ClInclude Include="Source\experiments\ExperimentXOR.h">
      <Filter>Header Files</Filter>
    </ClInclude>
    <ClInclude Include="Source\experiments\ExperimentOR.h">
      <Filter>Header Files</Filter>
    </ClInclude>
    <ClInclude Include="Source\experiments\ExperimentAND.h">
      <Filter>Header Files</Filter>
    </ClInclude>
    <ClInclude Include="Source\hypernet\SampleField.h">
      <Filter>Header Files</Filter>
    </ClInclude>
    <ClInclude Include="Source\hypernet\BayesianOptimizer.h">
      <Filter>Header Files</Filter>
    </ClInclude>
    <ClInclude Include="Source\hypernet\EvolutionaryTrainer.h">
      <Filter>Header Files</Filter>
    </ClInclude>
    <ClInclude Include="Source\hypernet\BayesianOptimizerTrainer.h">
      <Filter>Header Files</Filter>
    </ClInclude>
    <ClInclude Include="Source\raahn\AutoEncoder.h">
      <Filter>Header Files</Filter>
    </ClInclude>
    <ClInclude Include="Source\raahn\RAAHN.h">
      <Filter>Header Files</Filter>
    </ClInclude>
    <ClInclude Include="Source\raahn\HebbianLearner.h">
      <Filter>Header Files</Filter>
    </ClInclude>
    <ClInclude Include="Source\dnf\Field.h">
      <Filter>Header Files</Filter>
    </ClInclude>
    <ClInclude Include="Source\ctrnn\CTRNN.h">
      <Filter>Header Files</Filter>
    </ClInclude>
    <ClInclude Include="Source\ctrnn\GeneticAlgorithm.h">
      <Filter>Header Files</Filter>
    </ClInclude>
    <ClInclude Include="Source\deep\AutoLSTM.h">
      <Filter>Header Files</Filter>
    </ClInclude>
    <ClInclude Include="Source\deep\DAutoEncoder.h">
      <Filter>Header Files</Filter>
    </ClInclude>
    <ClInclude Include="Source\falcon\Falcon.h">
      <Filter>Header Files</Filter>
    </ClInclude>
    <ClInclude Include="Source\elman\ElmanNetwork.h">
      <Filter>Header Files</Filter>
    </ClInclude>
    <ClInclude Include="Source\deep\RBM.h">
      <Filter>Header Files</Filter>
    </ClInclude>
    <ClInclude Include="Source\deep\FA.h">
      <Filter>Header Files</Filter>
    </ClInclude>
    <ClInclude Include="Source\deep\DSOM.h">
      <Filter>Header Files</Filter>
    </ClInclude>
    <ClInclude Include="Source\apssc\APSSC.h">
      <Filter>Header Files</Filter>
    </ClInclude>
    <ClInclude Include="Source\deep\DBN.h">
      <Filter>Header Files</Filter>
    </ClInclude>
    <ClInclude Include="Source\deep\ConvNet2D.h">
      <Filter>Header Files</Filter>
    </ClInclude>
    <ClInclude Include="Source\htm\Region.h">
      <Filter>Header Files</Filter>
    </ClInclude>
    <ClInclude Include="Source\htm\Column.h">
      <Filter>Header Files</Filter>
    </ClInclude>
    <ClInclude Include="Source\htm\Cell.h">
      <Filter>Header Files</Filter>
    </ClInclude>
    <ClInclude Include="Source\htm\Connection.h">
      <Filter>Header Files</Filter>
    </ClInclude>
    <ClInclude Include="Source\htm\Segment.h">
      <Filter>Header Files</Filter>
    </ClInclude>
    <ClInclude Include="Source\htmrl\HTMRL.h">
      <Filter>Header Files</Filter>
    </ClInclude>
    <ClInclude Include="Source\deep\FERL.h">
      <Filter>Header Files</Filter>
    </ClInclude>
    <ClInclude Include="Source\deep\EQNAC.h">
      <Filter>Header Files</Filter>
    </ClInclude>
  </ItemGroup>
</Project>